
Microsoft Visual Studio Solution File, Format Version 12.00
# Visual Studio Version 17
VisualStudioVersion = 17.9.34723.18
MinimumVisualStudioVersion = 10.0.40219.1
Project("{2150E333-8FDC-42A3-9474-1A3956D46DE8}") = "EdPay.RechargeApp", "EdPay.RechargeApp", "{3BE5FE24-B01B-4CD6-8B45-7B68FDBA8AB1}"
EndProject
Project("{2150E333-8FDC-42A3-9474-1A3956D46DE8}") = "EdPay.PaymentsApp", "EdPay.PaymentsApp", "{8EFE4719-26F3-4A95-9267-428CEF36159D}"
EndProject
Project("{9A19103F-16F7-4668-BE54-9A1E7A4F7556}") = "EdPay.RechargeApp.Api", "Services\Recharge\EdPay.RechargeApp\EdPay.RechargeApp.Api\EdPay.RechargeApp.Api.csproj", "{32CD27EE-9891-4B76-8CAD-164765FC7649}"
EndProject
Project("{9A19103F-16F7-4668-BE54-9A1E7A4F7556}") = "EdPay.RechargeApp.Application", "Services\Recharge\EdPay.RechargeApp\EdPay.RechargeApp.Application\EdPay.RechargeApp.Application.csproj", "{4A433892-E59B-48F8-9A85-BF4570C11048}"
EndProject
Project("{9A19103F-16F7-4668-BE54-9A1E7A4F7556}") = "EdPay.RechargeApp.Domain", "Services\Recharge\EdPay.RechargeApp\EdPay.RechargeApp.Domain\EdPay.RechargeApp.Domain.csproj", "{7AA239AC-F8FF-45A7-A521-F2EE68FA32A1}"
EndProject
Project("{9A19103F-16F7-4668-BE54-9A1E7A4F7556}") = "EdPay.RechargeApp.Tests", "Services\Recharge\EdPay.RechargeApp\EdPay.RechargeApp.Tests\EdPay.RechargeApp.Tests.csproj", "{99FDF4E5-0B02-4A91-A655-5E75E25AE6D7}"
EndProject
Project("{9A19103F-16F7-4668-BE54-9A1E7A4F7556}") = "EdPay.RechargeApp.Infrastructure", "Services\Recharge\EdPay.RechargeApp\EdPay.RechargeApp.Infrastructure\EdPay.RechargeApp.Infrastructure.csproj", "{49F3332F-A8E7-4501-A554-2484B210ADEF}"
EndProject
Project("{2150E333-8FDC-42A3-9474-1A3956D46DE8}") = "src", "src", "{0B4D20B8-EDA5-42A8-8B05-C5A51CB2F6BE}"
EndProject
Project("{2150E333-8FDC-42A3-9474-1A3956D46DE8}") = "Banking", "Banking", "{FEBF7598-62B5-423D-85C4-014B92281D77}"
EndProject
Project("{2150E333-8FDC-42A3-9474-1A3956D46DE8}") = "Recharge", "Recharge", "{4A74701C-D9F6-4B4A-B771-3FBC6474233C}"
EndProject
Project("{9A19103F-16F7-4668-BE54-9A1E7A4F7556}") = "EdPay.PaymentsApp.Api", "Services\Banking\EdPay.PaymentsApp\EdPay.PaymentsApp.Api\EdPay.PaymentsApp.Api.csproj", "{F061F603-241A-461F-83F5-8EF61764447F}"
EndProject
Project("{9A19103F-16F7-4668-BE54-9A1E7A4F7556}") = "EdPay.PaymentsApp.Application", "Services\Banking\EdPay.PaymentsApp\EdPay.PaymentsApp.Application\EdPay.PaymentsApp.Application.csproj", "{7ABC6393-05A1-4E1F-A9FF-A4BE0ACCE531}"
EndProject
Project("{9A19103F-16F7-4668-BE54-9A1E7A4F7556}") = "EdPay.PaymentsApp.Domain", "Services\Banking\EdPay.PaymentsApp\EdPay.PaymentsApp.Domain\EdPay.PaymentsApp.Domain.csproj", "{CAF93B02-3FD5-4798-A7E8-0BBFBE5CEE52}"
EndProject
Project("{9A19103F-16F7-4668-BE54-9A1E7A4F7556}") = "EdPay.PaymentsApp.Infrastructure", "Services\Banking\EdPay.PaymentsApp\EdPay.PaymentsApp.Infrastructure\EdPay.PaymentsApp.Infrastructure.csproj", "{5EF22147-1AD1-447D-B27E-3F5728649F40}"
EndProject
Project("{9A19103F-16F7-4668-BE54-9A1E7A4F7556}") = "EdPay.PaymentsApp.Tests", "Services\Banking\EdPay.PaymentsApp\EdPay.PaymentsApp.Tests\EdPay.PaymentsApp.Tests.csproj", "{776ABE75-7631-4549-B1DD-A48DA0C7C751}"
EndProject
Project("{2150E333-8FDC-42A3-9474-1A3956D46DE8}") = "Services", "Services", "{DE2D8701-53D7-4104-A1CB-3D017F5FB09B}"
EndProject
Project("{2150E333-8FDC-42A3-9474-1A3956D46DE8}") = "BuildingBlocks", "BuildingBlocks", "{4C1440C8-A289-408A-8E20-A78205BB52E9}"
EndProject
Project("{9A19103F-16F7-4668-BE54-9A1E7A4F7556}") = "EdPay.Common", "BuildingBlocks\EdPay.Common\EdPay.Common.csproj", "{EDF1A1FC-5A79-4E72-A8AA-7911E9D3D7F1}"
EndProject
Project("{2150E333-8FDC-42A3-9474-1A3956D46DE8}") = "UserManagement", "UserManagement", "{538A493B-C13D-4E87-97D0-5864C08DAABC}"
EndProject
Project("{2150E333-8FDC-42A3-9474-1A3956D46DE8}") = "EdPay.UserApp", "EdPay.UserApp", "{D09E73AA-00DC-496B-8BC3-25476CF8D368}"
EndProject
Project("{9A19103F-16F7-4668-BE54-9A1E7A4F7556}") = "EdPay.UserApp.Api", "Services\UserManagement\EdPay.UserApp\EdPay.UserApp.Api\EdPay.UserApp.Api.csproj", "{E083F881-261D-4385-B1B3-178F10E4197D}"
EndProject
Project("{9A19103F-16F7-4668-BE54-9A1E7A4F7556}") = "EdPay.UserApp.Application", "Services\UserManagement\EdPay.UserApp\EdPay.UserApp.Application\EdPay.UserApp.Application.csproj", "{DFE0B823-36D4-420D-8C08-771CA96ADDB2}"
EndProject
Project("{9A19103F-16F7-4668-BE54-9A1E7A4F7556}") = "EdPay.UserApp.Domain", "Services\UserManagement\EdPay.UserApp\EdPay.UserApp.Domain\EdPay.UserApp.Domain.csproj", "{83FCFD44-CBB6-42A0-BD82-D2EA265968D2}"
EndProject
Project("{9A19103F-16F7-4668-BE54-9A1E7A4F7556}") = "EdPay.UserApp.Infrastructure", "Services\UserManagement\EdPay.UserApp\EdPay.UserApp.Infrastructure\EdPay.UserApp.Infrastructure.csproj", "{1A309797-7050-4885-8309-7036186CE6CD}"
EndProject
Project("{9A19103F-16F7-4668-BE54-9A1E7A4F7556}") = "EdPay.UserApp.Contracts", "Services\UserManagement\EdPay.UserApp\EdPay.UserApp.Contracts\EdPay.UserApp.Contracts.csproj", "{2751F3D7-4EC5-461F-9A64-1ABFCD2B12CE}"
EndProject
Project("{2150E333-8FDC-42A3-9474-1A3956D46DE8}") = "Deployment", "Deployment", "{E9A912A1-81A2-46CF-8459-F4AE04E2BBCB}"
	ProjectSection(SolutionItems) = preProject
		Deployment\docker-compose.yml = Deployment\docker-compose.yml
		README.md = README.md
	EndProjectSection
EndProject
Global
	GlobalSection(SolutionConfigurationPlatforms) = preSolution
		Debug|Any CPU = Debug|Any CPU
		Release|Any CPU = Release|Any CPU
	EndGlobalSection
	GlobalSection(ProjectConfigurationPlatforms) = postSolution
		{32CD27EE-9891-4B76-8CAD-164765FC7649}.Debug|Any CPU.ActiveCfg = Debug|Any CPU
		{32CD27EE-9891-4B76-8CAD-164765FC7649}.Debug|Any CPU.Build.0 = Debug|Any CPU
		{32CD27EE-9891-4B76-8CAD-164765FC7649}.Release|Any CPU.ActiveCfg = Release|Any CPU
		{32CD27EE-9891-4B76-8CAD-164765FC7649}.Release|Any CPU.Build.0 = Release|Any CPU
		{4A433892-E59B-48F8-9A85-BF4570C11048}.Debug|Any CPU.ActiveCfg = Debug|Any CPU
		{4A433892-E59B-48F8-9A85-BF4570C11048}.Debug|Any CPU.Build.0 = Debug|Any CPU
		{4A433892-E59B-48F8-9A85-BF4570C11048}.Release|Any CPU.ActiveCfg = Release|Any CPU
		{4A433892-E59B-48F8-9A85-BF4570C11048}.Release|Any CPU.Build.0 = Release|Any CPU
		{7AA239AC-F8FF-45A7-A521-F2EE68FA32A1}.Debug|Any CPU.ActiveCfg = Debug|Any CPU
		{7AA239AC-F8FF-45A7-A521-F2EE68FA32A1}.Debug|Any CPU.Build.0 = Debug|Any CPU
		{7AA239AC-F8FF-45A7-A521-F2EE68FA32A1}.Release|Any CPU.ActiveCfg = Release|Any CPU
		{7AA239AC-F8FF-45A7-A521-F2EE68FA32A1}.Release|Any CPU.Build.0 = Release|Any CPU
		{99FDF4E5-0B02-4A91-A655-5E75E25AE6D7}.Debug|Any CPU.ActiveCfg = Debug|Any CPU
		{99FDF4E5-0B02-4A91-A655-5E75E25AE6D7}.Debug|Any CPU.Build.0 = Debug|Any CPU
		{99FDF4E5-0B02-4A91-A655-5E75E25AE6D7}.Release|Any CPU.ActiveCfg = Release|Any CPU
		{99FDF4E5-0B02-4A91-A655-5E75E25AE6D7}.Release|Any CPU.Build.0 = Release|Any CPU
		{49F3332F-A8E7-4501-A554-2484B210ADEF}.Debug|Any CPU.ActiveCfg = Debug|Any CPU
		{49F3332F-A8E7-4501-A554-2484B210ADEF}.Debug|Any CPU.Build.0 = Debug|Any CPU
		{49F3332F-A8E7-4501-A554-2484B210ADEF}.Release|Any CPU.ActiveCfg = Release|Any CPU
		{49F3332F-A8E7-4501-A554-2484B210ADEF}.Release|Any CPU.Build.0 = Release|Any CPU
		{F061F603-241A-461F-83F5-8EF61764447F}.Debug|Any CPU.ActiveCfg = Debug|Any CPU
		{F061F603-241A-461F-83F5-8EF61764447F}.Debug|Any CPU.Build.0 = Debug|Any CPU
		{F061F603-241A-461F-83F5-8EF61764447F}.Release|Any CPU.ActiveCfg = Release|Any CPU
		{F061F603-241A-461F-83F5-8EF61764447F}.Release|Any CPU.Build.0 = Release|Any CPU
		{7ABC6393-05A1-4E1F-A9FF-A4BE0ACCE531}.Debug|Any CPU.ActiveCfg = Debug|Any CPU
		{7ABC6393-05A1-4E1F-A9FF-A4BE0ACCE531}.Debug|Any CPU.Build.0 = Debug|Any CPU
		{7ABC6393-05A1-4E1F-A9FF-A4BE0ACCE531}.Release|Any CPU.ActiveCfg = Release|Any CPU
		{7ABC6393-05A1-4E1F-A9FF-A4BE0ACCE531}.Release|Any CPU.Build.0 = Release|Any CPU
		{CAF93B02-3FD5-4798-A7E8-0BBFBE5CEE52}.Debug|Any CPU.ActiveCfg = Debug|Any CPU
		{CAF93B02-3FD5-4798-A7E8-0BBFBE5CEE52}.Debug|Any CPU.Build.0 = Debug|Any CPU
		{CAF93B02-3FD5-4798-A7E8-0BBFBE5CEE52}.Release|Any CPU.ActiveCfg = Release|Any CPU
		{CAF93B02-3FD5-4798-A7E8-0BBFBE5CEE52}.Release|Any CPU.Build.0 = Release|Any CPU
		{5EF22147-1AD1-447D-B27E-3F5728649F40}.Debug|Any CPU.ActiveCfg = Debug|Any CPU
		{5EF22147-1AD1-447D-B27E-3F5728649F40}.Debug|Any CPU.Build.0 = Debug|Any CPU
		{5EF22147-1AD1-447D-B27E-3F5728649F40}.Release|Any CPU.ActiveCfg = Release|Any CPU
		{5EF22147-1AD1-447D-B27E-3F5728649F40}.Release|Any CPU.Build.0 = Release|Any CPU
		{776ABE75-7631-4549-B1DD-A48DA0C7C751}.Debug|Any CPU.ActiveCfg = Debug|Any CPU
		{776ABE75-7631-4549-B1DD-A48DA0C7C751}.Debug|Any CPU.Build.0 = Debug|Any CPU
		{776ABE75-7631-4549-B1DD-A48DA0C7C751}.Release|Any CPU.ActiveCfg = Release|Any CPU
		{776ABE75-7631-4549-B1DD-A48DA0C7C751}.Release|Any CPU.Build.0 = Release|Any CPU
		{EDF1A1FC-5A79-4E72-A8AA-7911E9D3D7F1}.Debug|Any CPU.ActiveCfg = Debug|Any CPU
		{EDF1A1FC-5A79-4E72-A8AA-7911E9D3D7F1}.Debug|Any CPU.Build.0 = Debug|Any CPU
		{EDF1A1FC-5A79-4E72-A8AA-7911E9D3D7F1}.Release|Any CPU.ActiveCfg = Release|Any CPU
		{EDF1A1FC-5A79-4E72-A8AA-7911E9D3D7F1}.Release|Any CPU.Build.0 = Release|Any CPU
		{E083F881-261D-4385-B1B3-178F10E4197D}.Debug|Any CPU.ActiveCfg = Debug|Any CPU
		{E083F881-261D-4385-B1B3-178F10E4197D}.Debug|Any CPU.Build.0 = Debug|Any CPU
		{E083F881-261D-4385-B1B3-178F10E4197D}.Release|Any CPU.ActiveCfg = Release|Any CPU
		{E083F881-261D-4385-B1B3-178F10E4197D}.Release|Any CPU.Build.0 = Release|Any CPU
		{DFE0B823-36D4-420D-8C08-771CA96ADDB2}.Debug|Any CPU.ActiveCfg = Debug|Any CPU
		{DFE0B823-36D4-420D-8C08-771CA96ADDB2}.Debug|Any CPU.Build.0 = Debug|Any CPU
		{DFE0B823-36D4-420D-8C08-771CA96ADDB2}.Release|Any CPU.ActiveCfg = Release|Any CPU
		{DFE0B823-36D4-420D-8C08-771CA96ADDB2}.Release|Any CPU.Build.0 = Release|Any CPU
		{83FCFD44-CBB6-42A0-BD82-D2EA265968D2}.Debug|Any CPU.ActiveCfg = Debug|Any CPU
		{83FCFD44-CBB6-42A0-BD82-D2EA265968D2}.Debug|Any CPU.Build.0 = Debug|Any CPU
		{83FCFD44-CBB6-42A0-BD82-D2EA265968D2}.Release|Any CPU.ActiveCfg = Release|Any CPU
		{83FCFD44-CBB6-42A0-BD82-D2EA265968D2}.Release|Any CPU.Build.0 = Release|Any CPU
		{1A309797-7050-4885-8309-7036186CE6CD}.Debug|Any CPU.ActiveCfg = Debug|Any CPU
		{1A309797-7050-4885-8309-7036186CE6CD}.Debug|Any CPU.Build.0 = Debug|Any CPU
		{1A309797-7050-4885-8309-7036186CE6CD}.Release|Any CPU.ActiveCfg = Release|Any CPU
		{1A309797-7050-4885-8309-7036186CE6CD}.Release|Any CPU.Build.0 = Release|Any CPU
		{2751F3D7-4EC5-461F-9A64-1ABFCD2B12CE}.Debug|Any CPU.ActiveCfg = Debug|Any CPU
		{2751F3D7-4EC5-461F-9A64-1ABFCD2B12CE}.Debug|Any CPU.Build.0 = Debug|Any CPU
		{2751F3D7-4EC5-461F-9A64-1ABFCD2B12CE}.Release|Any CPU.ActiveCfg = Release|Any CPU
		{2751F3D7-4EC5-461F-9A64-1ABFCD2B12CE}.Release|Any CPU.Build.0 = Release|Any CPU
	EndGlobalSection
	GlobalSection(SolutionProperties) = preSolution
		HideSolutionNode = FALSE
	EndGlobalSection
	GlobalSection(NestedProjects) = preSolution
		{3BE5FE24-B01B-4CD6-8B45-7B68FDBA8AB1} = {4A74701C-D9F6-4B4A-B771-3FBC6474233C}
		{8EFE4719-26F3-4A95-9267-428CEF36159D} = {FEBF7598-62B5-423D-85C4-014B92281D77}
		{32CD27EE-9891-4B76-8CAD-164765FC7649} = {3BE5FE24-B01B-4CD6-8B45-7B68FDBA8AB1}
		{4A433892-E59B-48F8-9A85-BF4570C11048} = {3BE5FE24-B01B-4CD6-8B45-7B68FDBA8AB1}
		{7AA239AC-F8FF-45A7-A521-F2EE68FA32A1} = {3BE5FE24-B01B-4CD6-8B45-7B68FDBA8AB1}
		{99FDF4E5-0B02-4A91-A655-5E75E25AE6D7} = {3BE5FE24-B01B-4CD6-8B45-7B68FDBA8AB1}
		{49F3332F-A8E7-4501-A554-2484B210ADEF} = {3BE5FE24-B01B-4CD6-8B45-7B68FDBA8AB1}
		{FEBF7598-62B5-423D-85C4-014B92281D77} = {DE2D8701-53D7-4104-A1CB-3D017F5FB09B}
		{4A74701C-D9F6-4B4A-B771-3FBC6474233C} = {DE2D8701-53D7-4104-A1CB-3D017F5FB09B}
		{F061F603-241A-461F-83F5-8EF61764447F} = {8EFE4719-26F3-4A95-9267-428CEF36159D}
		{7ABC6393-05A1-4E1F-A9FF-A4BE0ACCE531} = {8EFE4719-26F3-4A95-9267-428CEF36159D}
		{CAF93B02-3FD5-4798-A7E8-0BBFBE5CEE52} = {8EFE4719-26F3-4A95-9267-428CEF36159D}
		{5EF22147-1AD1-447D-B27E-3F5728649F40} = {8EFE4719-26F3-4A95-9267-428CEF36159D}
		{776ABE75-7631-4549-B1DD-A48DA0C7C751} = {8EFE4719-26F3-4A95-9267-428CEF36159D}
		{DE2D8701-53D7-4104-A1CB-3D017F5FB09B} = {0B4D20B8-EDA5-42A8-8B05-C5A51CB2F6BE}
		{4C1440C8-A289-408A-8E20-A78205BB52E9} = {0B4D20B8-EDA5-42A8-8B05-C5A51CB2F6BE}
		{EDF1A1FC-5A79-4E72-A8AA-7911E9D3D7F1} = {4C1440C8-A289-408A-8E20-A78205BB52E9}
		{538A493B-C13D-4E87-97D0-5864C08DAABC} = {DE2D8701-53D7-4104-A1CB-3D017F5FB09B}
		{D09E73AA-00DC-496B-8BC3-25476CF8D368} = {538A493B-C13D-4E87-97D0-5864C08DAABC}
		{E083F881-261D-4385-B1B3-178F10E4197D} = {D09E73AA-00DC-496B-8BC3-25476CF8D368}
		{DFE0B823-36D4-420D-8C08-771CA96ADDB2} = {D09E73AA-00DC-496B-8BC3-25476CF8D368}
		{83FCFD44-CBB6-42A0-BD82-D2EA265968D2} = {D09E73AA-00DC-496B-8BC3-25476CF8D368}
		{1A309797-7050-4885-8309-7036186CE6CD} = {D09E73AA-00DC-496B-8BC3-25476CF8D368}
		{2751F3D7-4EC5-461F-9A64-1ABFCD2B12CE} = {D09E73AA-00DC-496B-8BC3-25476CF8D368}
		{E9A912A1-81A2-46CF-8459-F4AE04E2BBCB} = {0B4D20B8-EDA5-42A8-8B05-C5A51CB2F6BE}
	EndGlobalSection
	GlobalSection(ExtensibilityGlobals) = postSolution
		SolutionGuid = {297F236F-0DF3-4FBC-B254-F0D79A010C2F}
	EndGlobalSection
EndGlobal
